
Microsoft Visual Studio Solution File, Format Version 12.00
# Visual Studio Version 17
VisualStudioVersion = 17.0.31710.8
MinimumVisualStudioVersion = 10.0.40219.1
Project("{9A19103F-16F7-4668-BE54-9A1E7A4F7556}") = "GraffLicenceManager", "GraffLicenceManager.csproj", "{F38A06A4-E360-4EBB-9143-65EDC208C2DB}"
EndProject
Global
	GlobalSection(SolutionConfigurationPlatforms) = preSolution
		Debug|Any CPU = Debug|Any CPU
		Release|Any CPU = Release|Any CPU
	EndGlobalSection
	GlobalSection(ProjectConfigurationPlatforms) = postSolution
		{F38A06A4-E360-4EBB-9143-65EDC208C2DB}.Debug|Any CPU.ActiveCfg = Debug|Any CPU
		{F38A06A4-E360-4EBB-9143-65EDC208C2DB}.Debug|Any CPU.Build.0 = Debug|Any CPU
		{F38A06A4-E360-4EBB-9143-65EDC208C2DB}.Release|Any CPU.ActiveCfg = Release|Any CPU
		{F38A06A4-E360-4EBB-9143-65EDC208C2DB}.Release|Any CPU.Build.0 = Release|Any CPU
	EndGlobalSection
	GlobalSection(SolutionProperties) = preSolution
		HideSolutionNode = FALSE
	EndGlobalSection
	GlobalSection(ExtensibilityGlobals) = postSolution
		SolutionGuid = {A7892408-ABA1-4440-A4A4-553105C88444}
	EndGlobalSection
EndGlobal
